
Microsoft Visual Studio Solution File, Format Version 12.00
# Visual Studio 15
VisualStudioVersion = 15.0.27428.2043
MinimumVisualStudioVersion = 10.0.40219.1
Project("{FAE04EC0-301F-11D3-BF4B-00C04F79EFBC}") = "RedisExample1", "RedisExample1\RedisExample1.csproj", "{C5B4D3F7-F001-47A4-9DCD-32D99625E5F1}"
EndProject
Global
	GlobalSection(SolutionConfigurationPlatforms) = preSolution
		Debug|Any CPU = Debug|Any CPU
		Release|Any CPU = Release|Any CPU
	EndGlobalSection
	GlobalSection(ProjectConfigurationPlatforms) = postSolution
		{C5B4D3F7-F001-47A4-9DCD-32D99625E5F1}.Debug|Any CPU.ActiveCfg = Debug|Any CPU
		{C5B4D3F7-F001-47A4-9DCD-32D99625E5F1}.Debug|Any CPU.Build.0 = Debug|Any CPU
		{C5B4D3F7-F001-47A4-9DCD-32D99625E5F1}.Release|Any CPU.ActiveCfg = Release|Any CPU
		{C5B4D3F7-F001-47A4-9DCD-32D99625E5F1}.Release|Any CPU.Build.0 = Release|Any CPU
	EndGlobalSection
	GlobalSection(SolutionProperties) = preSolution
		HideSolutionNode = FALSE
	EndGlobalSection
	GlobalSection(ExtensibilityGlobals) = postSolution
		SolutionGuid = {6B5DABB6-EA13-4F1C-A75D-178ACC386B2A}
	EndGlobalSection
EndGlobal
